
Microsoft Visual Studio Solution File, Format Version 12.00
# Visual Studio 15
VisualStudioVersion = 15.0.26124.0
MinimumVisualStudioVersion = 15.0.26124.0
Project("{2150E333-8FDC-42A3-9474-1A3956D46DE8}") = "src", "src", "{C3C8C73B-6F04-4BDE-8DCF-2B046A09A44E}"
EndProject
Project("{FAE04EC0-301F-11D3-BF4B-00C04F79EFBC}") = "Tricorder", "src\Tricorder\Tricorder.csproj", "{4DB3A7F6-CA66-423B-A960-D099C36FE589}"
EndProject
Project("{2150E333-8FDC-42A3-9474-1A3956D46DE8}") = "test", "test", "{BBC2BB87-10B3-4096-A6E2-6C7BDF47D0A2}"
EndProject
Project("{FAE04EC0-301F-11D3-BF4B-00C04F79EFBC}") = "Tricorder.Tests", "test\Tricorder.Tests\Tricorder.Tests.csproj", "{9FEC36DA-6359-4145-8D81-F91AD86FC0B8}"
EndProject
Global
	GlobalSection(SolutionConfigurationPlatforms) = preSolution
		Debug|Any CPU = Debug|Any CPU
		Debug|x64 = Debug|x64
		Debug|x86 = Debug|x86
		Release|Any CPU = Release|Any CPU
		Release|x64 = Release|x64
		Release|x86 = Release|x86
	EndGlobalSection
	GlobalSection(SolutionProperties) = preSolution
		HideSolutionNode = FALSE
	EndGlobalSection
	GlobalSection(ProjectConfigurationPlatforms) = postSolution
		{4DB3A7F6-CA66-423B-A960-D099C36FE589}.Debug|Any CPU.ActiveCfg = Debug|Any CPU
		{4DB3A7F6-CA66-423B-A960-D099C36FE589}.Debug|Any CPU.Build.0 = Debug|Any CPU
		{4DB3A7F6-CA66-423B-A960-D099C36FE589}.Debug|x64.ActiveCfg = Debug|Any CPU
		{4DB3A7F6-CA66-423B-A960-D099C36FE589}.Debug|x64.Build.0 = Debug|Any CPU
		{4DB3A7F6-CA66-423B-A960-D099C36FE589}.Debug|x86.ActiveCfg = Debug|Any CPU
		{4DB3A7F6-CA66-423B-A960-D099C36FE589}.Debug|x86.Build.0 = Debug|Any CPU
		{4DB3A7F6-CA66-423B-A960-D099C36FE589}.Release|Any CPU.ActiveCfg = Release|Any CPU
		{4DB3A7F6-CA66-423B-A960-D099C36FE589}.Release|Any CPU.Build.0 = Release|Any CPU
		{4DB3A7F6-CA66-423B-A960-D099C36FE589}.Release|x64.ActiveCfg = Release|Any CPU
		{4DB3A7F6-CA66-423B-A960-D099C36FE589}.Release|x64.Build.0 = Release|Any CPU
		{4DB3A7F6-CA66-423B-A960-D099C36FE589}.Release|x86.ActiveCfg = Release|Any CPU
		{4DB3A7F6-CA66-423B-A960-D099C36FE589}.Release|x86.Build.0 = Release|Any CPU
		{9FEC36DA-6359-4145-8D81-F91AD86FC0B8}.Debug|Any CPU.ActiveCfg = Debug|Any CPU
		{9FEC36DA-6359-4145-8D81-F91AD86FC0B8}.Debug|Any CPU.Build.0 = Debug|Any CPU
		{9FEC36DA-6359-4145-8D81-F91AD86FC0B8}.Debug|x64.ActiveCfg = Debug|Any CPU
		{9FEC36DA-6359-4145-8D81-F91AD86FC0B8}.Debug|x64.Build.0 = Debug|Any CPU
		{9FEC36DA-6359-4145-8D81-F91AD86FC0B8}.Debug|x86.ActiveCfg = Debug|Any CPU
		{9FEC36DA-6359-4145-8D81-F91AD86FC0B8}.Debug|x86.Build.0 = Debug|Any CPU
		{9FEC36DA-6359-4145-8D81-F91AD86FC0B8}.Release|Any CPU.ActiveCfg = Release|Any CPU
		{9FEC36DA-6359-4145-8D81-F91AD86FC0B8}.Release|Any CPU.Build.0 = Release|Any CPU
		{9FEC36DA-6359-4145-8D81-F91AD86FC0B8}.Release|x64.ActiveCfg = Release|Any CPU
		{9FEC36DA-6359-4145-8D81-F91AD86FC0B8}.Release|x64.Build.0 = Release|Any CPU
		{9FEC36DA-6359-4145-8D81-F91AD86FC0B8}.Release|x86.ActiveCfg = Release|Any CPU
		{9FEC36DA-6359-4145-8D81-F91AD86FC0B8}.Release|x86.Build.0 = Release|Any CPU
	EndGlobalSection
	GlobalSection(NestedProjects) = preSolution
		{4DB3A7F6-CA66-423B-A960-D099C36FE589} = {C3C8C73B-6F04-4BDE-8DCF-2B046A09A44E}
		{9FEC36DA-6359-4145-8D81-F91AD86FC0B8} = {BBC2BB87-10B3-4096-A6E2-6C7BDF47D0A2}
	EndGlobalSection
EndGlobal
